
Microsoft Visual Studio Solution File, Format Version 11.00
# Visual Studio 2010
Project("{5E53CCA8-D880-4964-8B8C-B3DB057578E7}") = "INMSOM", "INMSOM.pvfproj", "{75E76267-561D-467F-A2B8-FF5C3448714A}"
EndProject
Global
	GlobalSection(SolutionConfigurationPlatforms) = preSolution
		Debug|x64 = Debug|x64
		Release|x64 = Release|x64
	EndGlobalSection
	GlobalSection(ProjectConfigurationPlatforms) = postSolution
		{75E76267-561D-467F-A2B8-FF5C3448714A}.Debug|x64.ActiveCfg = Debug|x64
		{75E76267-561D-467F-A2B8-FF5C3448714A}.Debug|x64.Build.0 = Debug|x64
		{75E76267-561D-467F-A2B8-FF5C3448714A}.Release|x64.ActiveCfg = Release|x64
		{75E76267-561D-467F-A2B8-FF5C3448714A}.Release|x64.Build.0 = Release|x64
	EndGlobalSection
	GlobalSection(SolutionProperties) = preSolution
		HideSolutionNode = FALSE
	EndGlobalSection
EndGlobal
